
Microsoft Visual Studio Solution File, Format Version 12.00
# Visual Studio Version 17
VisualStudioVersion = 17.12.35527.113
MinimumVisualStudioVersion = 10.0.40219.1
Project("{FAE04EC0-301F-11D3-BF4B-00C04F79EFBC}") = "NZWalks.API", "NZWalks.API\NZWalks.API.csproj", "{4CDBBA93-C1BF-43CD-803E-EA164AE2F7D5}"
EndProject
Project("{FAE04EC0-301F-11D3-BF4B-00C04F79EFBC}") = "NZWalks.UI", "NZWalks.UI\NZWalks.UI.csproj", "{EDA2F09A-6C96-4F59-AD18-C4C991DA57DE}"
EndProject
Global
	GlobalSection(SolutionConfigurationPlatforms) = preSolution
		Debug|Any CPU = Debug|Any CPU
		Release|Any CPU = Release|Any CPU
	EndGlobalSection
	GlobalSection(ProjectConfigurationPlatforms) = postSolution
		{4CDBBA93-C1BF-43CD-803E-EA164AE2F7D5}.Debug|Any CPU.ActiveCfg = Debug|Any CPU
		{4CDBBA93-C1BF-43CD-803E-EA164AE2F7D5}.Debug|Any CPU.Build.0 = Debug|Any CPU
		{4CDBBA93-C1BF-43CD-803E-EA164AE2F7D5}.Release|Any CPU.ActiveCfg = Release|Any CPU
		{4CDBBA93-C1BF-43CD-803E-EA164AE2F7D5}.Release|Any CPU.Build.0 = Release|Any CPU
		{EDA2F09A-6C96-4F59-AD18-C4C991DA57DE}.Debug|Any CPU.ActiveCfg = Debug|Any CPU
		{EDA2F09A-6C96-4F59-AD18-C4C991DA57DE}.Debug|Any CPU.Build.0 = Debug|Any CPU
		{EDA2F09A-6C96-4F59-AD18-C4C991DA57DE}.Release|Any CPU.ActiveCfg = Release|Any CPU
		{EDA2F09A-6C96-4F59-AD18-C4C991DA57DE}.Release|Any CPU.Build.0 = Release|Any CPU
	EndGlobalSection
	GlobalSection(SolutionProperties) = preSolution
		HideSolutionNode = FALSE
	EndGlobalSection
EndGlobal
